// !$*UTF8*$!
{
	archiveVersion = 1;
	classes = {
	};
	objectVersion = 42;
	objects = {

/* Begin PBXBuildFile section */
		0095323E15757588671D0303 /* MarkerDetector.cpp in Build Sources */ = {isa = PBXBuildFile; fileRef = 1D6806C4D5B587960F0E561D /* MarkerDetector.cpp */; settings = {ATTRIBUTES = (); }; };
		069D05B0128AE5DC7EE31738 /* QtCore.framework in Frameworks & Libraries */ = {isa = PBXBuildFile; fileRef = 7BC2E65A5E699A5E5D834CA2 /* QtCore.framework */; };
		214501FDAAA47BE4662FC5AD /* GuitarDetector.cpp in Build Sources */ = {isa = PBXBuildFile; fileRef = 721B71C3C36A8BAB72E37B82 /* GuitarDetector.cpp */; settings = {ATTRIBUTES = (); }; };
		2B093CA6F071B023A473CED0 /* main.cpp in Build Sources */ = {isa = PBXBuildFile; fileRef = 118FCBAABA162BA17933C789 /* main.cpp */; settings = {ATTRIBUTES = (); }; };
		4A12348F65F424D4B950D47C /* ARExercise.cpp in Build Sources */ = {isa = PBXBuildFile; fileRef = 1ACA03CFB87CEA2D3C48B5E3 /* ARExercise.cpp */; settings = {ATTRIBUTES = (); }; };
		501667F26B3C1FF6767A7C12 /* QtGui.framework in Frameworks & Libraries */ = {isa = PBXBuildFile; fileRef = 9B36DA7E32F0304E780E7972 /* QtGui.framework */; };
		592B063E6753ECB0645DCBFC /* FretBoard.cpp in Build Sources */ = {isa = PBXBuildFile; fileRef = CF2CF8206F54CFAB65297CD4 /* FretBoard.cpp */; settings = {ATTRIBUTES = (); }; };
		AD5D4EFC9C70C8D40A41D457 /* DetectionThread.cpp in Build Sources */ = {isa = PBXBuildFile; fileRef = 12771B7DCC98FE0E0007F6AD /* DetectionThread.cpp */; settings = {ATTRIBUTES = (); }; };
		C01FAB79C75B036C6E1D2DC7 /* PoseEstimation.cpp in Build Sources */ = {isa = PBXBuildFile; fileRef = 9B41B72871A3E274CA198423 /* PoseEstimation.cpp */; settings = {ATTRIBUTES = (); }; };
		E14385EA1782E66D0034FA54 /* libopencv_calib3d.2.4.5.dylib in Frameworks & Libraries */ = {isa = PBXBuildFile; fileRef = E14385D81782E66D0034FA54 /* libopencv_calib3d.2.4.5.dylib */; };
		E14385EB1782E66D0034FA54 /* libopencv_contrib.2.4.5.dylib in Frameworks & Libraries */ = {isa = PBXBuildFile; fileRef = E14385D91782E66D0034FA54 /* libopencv_contrib.2.4.5.dylib */; };
		E14385EC1782E66D0034FA54 /* libopencv_core.2.4.5.dylib in Frameworks & Libraries */ = {isa = PBXBuildFile; fileRef = E14385DA1782E66D0034FA54 /* libopencv_core.2.4.5.dylib */; };
		E14385ED1782E66D0034FA54 /* libopencv_features2d.2.4.5.dylib in Frameworks & Libraries */ = {isa = PBXBuildFile; fileRef = E14385DB1782E66D0034FA54 /* libopencv_features2d.2.4.5.dylib */; };
		E14385EE1782E66D0034FA54 /* libopencv_flann.2.4.5.dylib in Frameworks & Libraries */ = {isa = PBXBuildFile; fileRef = E14385DC1782E66D0034FA54 /* libopencv_flann.2.4.5.dylib */; };
		E14385EF1782E66D0034FA54 /* libopencv_gpu.2.4.5.dylib in Frameworks & Libraries */ = {isa = PBXBuildFile; fileRef = E14385DD1782E66D0034FA54 /* libopencv_gpu.2.4.5.dylib */; };
		E14385F01782E66D0034FA54 /* libopencv_highgui.2.4.5.dylib in Frameworks & Libraries */ = {isa = PBXBuildFile; fileRef = E14385DE1782E66D0034FA54 /* libopencv_highgui.2.4.5.dylib */; };
		E14385F11782E66D0034FA54 /* libopencv_imgproc.2.4.5.dylib in Frameworks & Libraries */ = {isa = PBXBuildFile; fileRef = E14385DF1782E66D0034FA54 /* libopencv_imgproc.2.4.5.dylib */; };
		E14385F21782E66D0034FA54 /* libopencv_legacy.2.4.5.dylib in Frameworks & Libraries */ = {isa = PBXBuildFile; fileRef = E14385E01782E66D0034FA54 /* libopencv_legacy.2.4.5.dylib */; };
		E14385F31782E66D0034FA54 /* libopencv_ml.2.4.5.dylib in Frameworks & Libraries */ = {isa = PBXBuildFile; fileRef = E14385E11782E66D0034FA54 /* libopencv_ml.2.4.5.dylib */; };
		E14385F41782E66D0034FA54 /* libopencv_nonfree.2.4.5.dylib in Frameworks & Libraries */ = {isa = PBXBuildFile; fileRef = E14385E21782E66D0034FA54 /* libopencv_nonfree.2.4.5.dylib */; };
		E14385F51782E66D0034FA54 /* libopencv_objdetect.2.4.5.dylib in Frameworks & Libraries */ = {isa = PBXBuildFile; fileRef = E14385E31782E66D0034FA54 /* libopencv_objdetect.2.4.5.dylib */; };
		E14385F61782E66D0034FA54 /* libopencv_photo.2.4.5.dylib in Frameworks & Libraries */ = {isa = PBXBuildFile; fileRef = E14385E41782E66D0034FA54 /* libopencv_photo.2.4.5.dylib */; };
		E14385F71782E66D0034FA54 /* libopencv_stitching.2.4.5.dylib in Frameworks & Libraries */ = {isa = PBXBuildFile; fileRef = E14385E51782E66D0034FA54 /* libopencv_stitching.2.4.5.dylib */; };
		E14385F81782E66D0034FA54 /* libopencv_superres.2.4.5.dylib in Frameworks & Libraries */ = {isa = PBXBuildFile; fileRef = E14385E61782E66D0034FA54 /* libopencv_superres.2.4.5.dylib */; };
		E14385F91782E66D0034FA54 /* libopencv_ts.2.4.5.dylib in Frameworks & Libraries */ = {isa = PBXBuildFile; fileRef = E14385E71782E66D0034FA54 /* libopencv_ts.2.4.5.dylib */; };
		E14385FA1782E66D0034FA54 /* libopencv_video.2.4.5.dylib in Frameworks & Libraries */ = {isa = PBXBuildFile; fileRef = E14385E81782E66D0034FA54 /* libopencv_video.2.4.5.dylib */; };
		E14385FB1782E66D0034FA54 /* libopencv_videostab.2.4.5.dylib in Frameworks & Libraries */ = {isa = PBXBuildFile; fileRef = E14385E91782E66D0034FA54 /* libopencv_videostab.2.4.5.dylib */; };
		E6ED692E2DC644C1E479E7FB /* Marker.cpp in Build Sources */ = {isa = PBXBuildFile; fileRef = 0D0DBCA25B57135A967CCD77 /* Marker.cpp */; settings = {ATTRIBUTES = (); }; };
		E8211DD5679BA21EE6577E50 /* moc_ARExercise.cpp in Build Sources */ = {isa = PBXBuildFile; fileRef = 6C86A0E50183ACAB4619FF02 /* moc_ARExercise.cpp */; settings = {ATTRIBUTES = (); }; };
/* End PBXBuildFile section */

/* Begin PBXFileReference section */
		0B5AE7E9848340FEDF9E4FFC /* AugmentedReality.pro */ = {isa = PBXFileReference; lastKnownFileType = text; path = AugmentedReality.pro; sourceTree = SOURCE_ROOT; };
		0D0DBCA25B57135A967CCD77 /* Marker.cpp */ = {isa = PBXFileReference; lastKnownFileType = sourcecode.cpp.cpp; path = Marker.cpp; sourceTree = SOURCE_ROOT; };
		0ECD2859D7175E68E096DDE8 /* ARExercise.h */ = {isa = PBXFileReference; lastKnownFileType = sourcecode.c.h; path = ARExercise.h; sourceTree = SOURCE_ROOT; };
		118FCBAABA162BA17933C789 /* main.cpp */ = {isa = PBXFileReference; lastKnownFileType = sourcecode.cpp.cpp; path = main.cpp; sourceTree = SOURCE_ROOT; };
		12771B7DCC98FE0E0007F6AD /* DetectionThread.cpp */ = {isa = PBXFileReference; lastKnownFileType = sourcecode.cpp.cpp; path = DetectionThread.cpp; sourceTree = SOURCE_ROOT; };
		176AED113DEF1C1455FD2D5C /* Marker.h */ = {isa = PBXFileReference; lastKnownFileType = sourcecode.c.h; path = Marker.h; sourceTree = SOURCE_ROOT; };
		19434440381EC38A496427F7 /* PoseEstimation.h */ = {isa = PBXFileReference; lastKnownFileType = sourcecode.c.h; path = PoseEstimation.h; sourceTree = SOURCE_ROOT; };
		1ACA03CFB87CEA2D3C48B5E3 /* ARExercise.cpp */ = {isa = PBXFileReference; lastKnownFileType = sourcecode.cpp.cpp; path = ARExercise.cpp; sourceTree = SOURCE_ROOT; };
		1D6806C4D5B587960F0E561D /* MarkerDetector.cpp */ = {isa = PBXFileReference; lastKnownFileType = sourcecode.cpp.cpp; path = MarkerDetector.cpp; sourceTree = SOURCE_ROOT; };
		3B017ABD43C477127C833DBC /* resource.h */ = {isa = PBXFileReference; lastKnownFileType = sourcecode.c.h; path = resource.h; sourceTree = SOURCE_ROOT; };
		46A9856ED94D77DF2B56489F /* FretBoard.h */ = {isa = PBXFileReference; lastKnownFileType = sourcecode.c.h; path = FretBoard.h; sourceTree = SOURCE_ROOT; };
		6C86A0E50183ACAB4619FF02 /* moc_ARExercise.cpp */ = {isa = PBXFileReference; lastKnownFileType = sourcecode.cpp.cpp; path = moc_ARExercise.cpp; sourceTree = SOURCE_ROOT; };
		6CB4BAC7FD12CD0A0ADE2F62 /* MarkerDetector.h */ = {isa = PBXFileReference; lastKnownFileType = sourcecode.c.h; path = MarkerDetector.h; sourceTree = SOURCE_ROOT; };
		721B71C3C36A8BAB72E37B82 /* GuitarDetector.cpp */ = {isa = PBXFileReference; lastKnownFileType = sourcecode.cpp.cpp; path = GuitarDetector.cpp; sourceTree = SOURCE_ROOT; };
		797EEBB48E33C8AD00F94E11 /* ThresholdSettings.h */ = {isa = PBXFileReference; lastKnownFileType = sourcecode.c.h; path = ThresholdSettings.h; sourceTree = SOURCE_ROOT; };
		7A930C09AADFAB31030EF237 /* DetectionThread.h */ = {isa = PBXFileReference; lastKnownFileType = sourcecode.c.h; path = DetectionThread.h; sourceTree = SOURCE_ROOT; };
		7BC2E65A5E699A5E5D834CA2 /* QtCore.framework */ = {isa = PBXFileReference; lastKnownFileType = wrapper.framework; name = QtCore.framework; path = /Library/Frameworks/QtCore.framework; sourceTree = "<absolute>"; };
		7FC9A1ECA28956563B011514 /* ui_AugmentedRealityTutorial.h */ = {isa = PBXFileReference; lastKnownFileType = sourcecode.c.h; path = ui_AugmentedRealityTutorial.h; sourceTree = SOURCE_ROOT; };
		9B36DA7E32F0304E780E7972 /* QtGui.framework */ = {isa = PBXFileReference; lastKnownFileType = wrapper.framework; name = QtGui.framework; path = /Library/Frameworks/QtGui.framework; sourceTree = "<absolute>"; };
		9B41B72871A3E274CA198423 /* PoseEstimation.cpp */ = {isa = PBXFileReference; lastKnownFileType = sourcecode.cpp.cpp; path = PoseEstimation.cpp; sourceTree = SOURCE_ROOT; };
		A5BBCEBE1283CEA413949F73 /* AugmentedRealityTutorial.ui */ = {isa = PBXFileReference; lastKnownFileType = text.xml; path = AugmentedRealityTutorial.ui; sourceTree = SOURCE_ROOT; };
		CF2CF8206F54CFAB65297CD4 /* FretBoard.cpp */ = {isa = PBXFileReference; lastKnownFileType = sourcecode.cpp.cpp; path = FretBoard.cpp; sourceTree = SOURCE_ROOT; };
		E14384A71782DF310034FA54 /* AugmentedReality.app */ = {isa = PBXFileReference; explicitFileType = wrapper.application; includeInIndex = 0; path = AugmentedReality.app; sourceTree = BUILT_PRODUCTS_DIR; };
		E14385D81782E66D0034FA54 /* libopencv_calib3d.2.4.5.dylib */ = {isa = PBXFileReference; lastKnownFileType = "compiled.mach-o.dylib"; name = libopencv_calib3d.2.4.5.dylib; path = /opt/local/lib/libopencv_calib3d.2.4.5.dylib; sourceTree = "<absolute>"; };
		E14385D91782E66D0034FA54 /* libopencv_contrib.2.4.5.dylib */ = {isa = PBXFileReference; lastKnownFileType = "compiled.mach-o.dylib"; name = libopencv_contrib.2.4.5.dylib; path = /opt/local/lib/libopencv_contrib.2.4.5.dylib; sourceTree = "<absolute>"; };
		E14385DA1782E66D0034FA54 /* libopencv_core.2.4.5.dylib */ = {isa = PBXFileReference; lastKnownFileType = "compiled.mach-o.dylib"; name = libopencv_core.2.4.5.dylib; path = /opt/local/lib/libopencv_core.2.4.5.dylib; sourceTree = "<absolute>"; };
		E14385DB1782E66D0034FA54 /* libopencv_features2d.2.4.5.dylib */ = {isa = PBXFileReference; lastKnownFileType = "compiled.mach-o.dylib"; name = libopencv_features2d.2.4.5.dylib; path = /opt/local/lib/libopencv_features2d.2.4.5.dylib; sourceTree = "<absolute>"; };
		E14385DC1782E66D0034FA54 /* libopencv_flann.2.4.5.dylib */ = {isa = PBXFileReference; lastKnownFileType = "compiled.mach-o.dylib"; name = libopencv_flann.2.4.5.dylib; path = /opt/local/lib/libopencv_flann.2.4.5.dylib; sourceTree = "<absolute>"; };
		E14385DD1782E66D0034FA54 /* libopencv_gpu.2.4.5.dylib */ = {isa = PBXFileReference; lastKnownFileType = "compiled.mach-o.dylib"; name = libopencv_gpu.2.4.5.dylib; path = /opt/local/lib/libopencv_gpu.2.4.5.dylib; sourceTree = "<absolute>"; };
		E14385DE1782E66D0034FA54 /* libopencv_highgui.2.4.5.dylib */ = {isa = PBXFileReference; lastKnownFileType = "compiled.mach-o.dylib"; name = libopencv_highgui.2.4.5.dylib; path = /opt/local/lib/libopencv_highgui.2.4.5.dylib; sourceTree = "<absolute>"; };
		E14385DF1782E66D0034FA54 /* libopencv_imgproc.2.4.5.dylib */ = {isa = PBXFileReference; lastKnownFileType = "compiled.mach-o.dylib"; name = libopencv_imgproc.2.4.5.dylib; path = /opt/local/lib/libopencv_imgproc.2.4.5.dylib; sourceTree = "<absolute>"; };
		E14385E01782E66D0034FA54 /* libopencv_legacy.2.4.5.dylib */ = {isa = PBXFileReference; lastKnownFileType = "compiled.mach-o.dylib"; name = libopencv_legacy.2.4.5.dylib; path = /opt/local/lib/libopencv_legacy.2.4.5.dylib; sourceTree = "<absolute>"; };
		E14385E11782E66D0034FA54 /* libopencv_ml.2.4.5.dylib */ = {isa = PBXFileReference; lastKnownFileType = "compiled.mach-o.dylib"; name = libopencv_ml.2.4.5.dylib; path = /opt/local/lib/libopencv_ml.2.4.5.dylib; sourceTree = "<absolute>"; };
		E14385E21782E66D0034FA54 /* libopencv_nonfree.2.4.5.dylib */ = {isa = PBXFileReference; lastKnownFileType = "compiled.mach-o.dylib"; name = libopencv_nonfree.2.4.5.dylib; path = /opt/local/lib/libopencv_nonfree.2.4.5.dylib; sourceTree = "<absolute>"; };
		E14385E31782E66D0034FA54 /* libopencv_objdetect.2.4.5.dylib */ = {isa = PBXFileReference; lastKnownFileType = "compiled.mach-o.dylib"; name = libopencv_objdetect.2.4.5.dylib; path = /opt/local/lib/libopencv_objdetect.2.4.5.dylib; sourceTree = "<absolute>"; };
		E14385E41782E66D0034FA54 /* libopencv_photo.2.4.5.dylib */ = {isa = PBXFileReference; lastKnownFileType = "compiled.mach-o.dylib"; name = libopencv_photo.2.4.5.dylib; path = /opt/local/lib/libopencv_photo.2.4.5.dylib; sourceTree = "<absolute>"; };
		E14385E51782E66D0034FA54 /* libopencv_stitching.2.4.5.dylib */ = {isa = PBXFileReference; lastKnownFileType = "compiled.mach-o.dylib"; name = libopencv_stitching.2.4.5.dylib; path = /opt/local/lib/libopencv_stitching.2.4.5.dylib; sourceTree = "<absolute>"; };
		E14385E61782E66D0034FA54 /* libopencv_superres.2.4.5.dylib */ = {isa = PBXFileReference; lastKnownFileType = "compiled.mach-o.dylib"; name = libopencv_superres.2.4.5.dylib; path = /opt/local/lib/libopencv_superres.2.4.5.dylib; sourceTree = "<absolute>"; };
		E14385E71782E66D0034FA54 /* libopencv_ts.2.4.5.dylib */ = {isa = PBXFileReference; lastKnownFileType = "compiled.mach-o.dylib"; name = libopencv_ts.2.4.5.dylib; path = /opt/local/lib/libopencv_ts.2.4.5.dylib; sourceTree = "<absolute>"; };
		E14385E81782E66D0034FA54 /* libopencv_video.2.4.5.dylib */ = {isa = PBXFileReference; lastKnownFileType = "compiled.mach-o.dylib"; name = libopencv_video.2.4.5.dylib; path = /opt/local/lib/libopencv_video.2.4.5.dylib; sourceTree = "<absolute>"; };
		E14385E91782E66D0034FA54 /* libopencv_videostab.2.4.5.dylib */ = {isa = PBXFileReference; lastKnownFileType = "compiled.mach-o.dylib"; name = libopencv_videostab.2.4.5.dylib; path = /opt/local/lib/libopencv_videostab.2.4.5.dylib; sourceTree = "<absolute>"; };
		F0C65655888AAB22E212D7BB /* GuitarDetector.h */ = {isa = PBXFileReference; lastKnownFileType = sourcecode.c.h; path = GuitarDetector.h; sourceTree = SOURCE_ROOT; };
/* End PBXFileReference section */

/* Begin PBXFrameworksBuildPhase section */
		2A1043669E6E5A7426EA502A /* Frameworks & Libraries */ = {
			isa = PBXFrameworksBuildPhase;
			buildActionMask = 2147483647;
			files = (
				501667F26B3C1FF6767A7C12 /* QtGui.framework in Frameworks & Libraries */,
				069D05B0128AE5DC7EE31738 /* QtCore.framework in Frameworks & Libraries */,
				E14385EA1782E66D0034FA54 /* libopencv_calib3d.2.4.5.dylib in Frameworks & Libraries */,
				E14385EB1782E66D0034FA54 /* libopencv_contrib.2.4.5.dylib in Frameworks & Libraries */,
				E14385EC1782E66D0034FA54 /* libopencv_core.2.4.5.dylib in Frameworks & Libraries */,
				E14385ED1782E66D0034FA54 /* libopencv_features2d.2.4.5.dylib in Frameworks & Libraries */,
				E14385EE1782E66D0034FA54 /* libopencv_flann.2.4.5.dylib in Frameworks & Libraries */,
				E14385EF1782E66D0034FA54 /* libopencv_gpu.2.4.5.dylib in Frameworks & Libraries */,
				E14385F01782E66D0034FA54 /* libopencv_highgui.2.4.5.dylib in Frameworks & Libraries */,
				E14385F11782E66D0034FA54 /* libopencv_imgproc.2.4.5.dylib in Frameworks & Libraries */,
				E14385F21782E66D0034FA54 /* libopencv_legacy.2.4.5.dylib in Frameworks & Libraries */,
				E14385F31782E66D0034FA54 /* libopencv_ml.2.4.5.dylib in Frameworks & Libraries */,
				E14385F41782E66D0034FA54 /* libopencv_nonfree.2.4.5.dylib in Frameworks & Libraries */,
				E14385F51782E66D0034FA54 /* libopencv_objdetect.2.4.5.dylib in Frameworks & Libraries */,
				E14385F61782E66D0034FA54 /* libopencv_photo.2.4.5.dylib in Frameworks & Libraries */,
				E14385F71782E66D0034FA54 /* libopencv_stitching.2.4.5.dylib in Frameworks & Libraries */,
				E14385F81782E66D0034FA54 /* libopencv_superres.2.4.5.dylib in Frameworks & Libraries */,
				E14385F91782E66D0034FA54 /* libopencv_ts.2.4.5.dylib in Frameworks & Libraries */,
				E14385FA1782E66D0034FA54 /* libopencv_video.2.4.5.dylib in Frameworks & Libraries */,
				E14385FB1782E66D0034FA54 /* libopencv_videostab.2.4.5.dylib in Frameworks & Libraries */,
			);
			name = "Frameworks & Libraries";
			runOnlyForDeploymentPostprocessing = 0;
		};
/* End PBXFrameworksBuildPhase section */

/* Begin PBXGroup section */
		05596AB53D8D521C69802C27 /* AugmentedReality */ = {
			isa = PBXGroup;
			children = (
				E14385FC1782E67C0034FA54 /* OpenCV */,
				FB61758D0F0FDA4BA867C3D5 /* Sources */,
				46E892BBB6BB6952967E0561 /* Temporary Sources */,
				883D7615C4D2DE3FA1218F12 /* Headers */,
				7CABE3C80E79AD2B307756D2 /* Sources [qmake] */,
				EEC299C65D5017EB9DD513B0 /* Sources [UIC] */,
				ED1E82605DD74B483AF3C982 /* External Frameworks and Libraries */,
				E14384A81782DF310034FA54 /* Products */,
			);
			name = AugmentedReality;
			sourceTree = "<Group>";
		};
		46E892BBB6BB6952967E0561 /* Temporary Sources */ = {
			isa = PBXGroup;
			children = (
				6C86A0E50183ACAB4619FF02 /* moc_ARExercise.cpp */,
				7FC9A1ECA28956563B011514 /* ui_AugmentedRealityTutorial.h */,
			);
			name = "Temporary Sources";
			sourceTree = "<Group>";
		};
		7CABE3C80E79AD2B307756D2 /* Sources [qmake] */ = {
			isa = PBXGroup;
			children = (
				0B5AE7E9848340FEDF9E4FFC /* AugmentedReality.pro */,
			);
			name = "Sources [qmake]";
			sourceTree = "<Group>";
		};
		883D7615C4D2DE3FA1218F12 /* Headers */ = {
			isa = PBXGroup;
			children = (
				0ECD2859D7175E68E096DDE8 /* ARExercise.h */,
				7A930C09AADFAB31030EF237 /* DetectionThread.h */,
				46A9856ED94D77DF2B56489F /* FretBoard.h */,
				F0C65655888AAB22E212D7BB /* GuitarDetector.h */,
				176AED113DEF1C1455FD2D5C /* Marker.h */,
				6CB4BAC7FD12CD0A0ADE2F62 /* MarkerDetector.h */,
				19434440381EC38A496427F7 /* PoseEstimation.h */,
				3B017ABD43C477127C833DBC /* resource.h */,
				797EEBB48E33C8AD00F94E11 /* ThresholdSettings.h */,
			);
			name = Headers;
			sourceTree = "<Group>";
		};
		E14384A81782DF310034FA54 /* Products */ = {
			isa = PBXGroup;
			children = (
				E14384A71782DF310034FA54 /* AugmentedReality.app */,
			);
			name = Products;
			sourceTree = "<group>";
		};
		E14385FC1782E67C0034FA54 /* OpenCV */ = {
			isa = PBXGroup;
			children = (
				E14385D81782E66D0034FA54 /* libopencv_calib3d.2.4.5.dylib */,
				E14385D91782E66D0034FA54 /* libopencv_contrib.2.4.5.dylib */,
				E14385DA1782E66D0034FA54 /* libopencv_core.2.4.5.dylib */,
				E14385DB1782E66D0034FA54 /* libopencv_features2d.2.4.5.dylib */,
				E14385DC1782E66D0034FA54 /* libopencv_flann.2.4.5.dylib */,
				E14385DD1782E66D0034FA54 /* libopencv_gpu.2.4.5.dylib */,
				E14385DE1782E66D0034FA54 /* libopencv_highgui.2.4.5.dylib */,
				E14385DF1782E66D0034FA54 /* libopencv_imgproc.2.4.5.dylib */,
				E14385E01782E66D0034FA54 /* libopencv_legacy.2.4.5.dylib */,
				E14385E11782E66D0034FA54 /* libopencv_ml.2.4.5.dylib */,
				E14385E21782E66D0034FA54 /* libopencv_nonfree.2.4.5.dylib */,
				E14385E31782E66D0034FA54 /* libopencv_objdetect.2.4.5.dylib */,
				E14385E41782E66D0034FA54 /* libopencv_photo.2.4.5.dylib */,
				E14385E51782E66D0034FA54 /* libopencv_stitching.2.4.5.dylib */,
				E14385E61782E66D0034FA54 /* libopencv_superres.2.4.5.dylib */,
				E14385E71782E66D0034FA54 /* libopencv_ts.2.4.5.dylib */,
				E14385E81782E66D0034FA54 /* libopencv_video.2.4.5.dylib */,
				E14385E91782E66D0034FA54 /* libopencv_videostab.2.4.5.dylib */,
			);
			name = OpenCV;
			sourceTree = "<group>";
		};
		ED1E82605DD74B483AF3C982 /* External Frameworks and Libraries */ = {
			isa = PBXGroup;
			children = (
				9B36DA7E32F0304E780E7972 /* QtGui.framework */,
				7BC2E65A5E699A5E5D834CA2 /* QtCore.framework */,
			);
			name = "External Frameworks and Libraries";
			sourceTree = "<Group>";
		};
		EEC299C65D5017EB9DD513B0 /* Sources [UIC] */ = {
			isa = PBXGroup;
			children = (
				A5BBCEBE1283CEA413949F73 /* AugmentedRealityTutorial.ui */,
			);
			name = "Sources [UIC]";
			sourceTree = "<Group>";
		};
		FB61758D0F0FDA4BA867C3D5 /* Sources */ = {
			isa = PBXGroup;
			children = (
				1ACA03CFB87CEA2D3C48B5E3 /* ARExercise.cpp */,
				12771B7DCC98FE0E0007F6AD /* DetectionThread.cpp */,
				CF2CF8206F54CFAB65297CD4 /* FretBoard.cpp */,
				721B71C3C36A8BAB72E37B82 /* GuitarDetector.cpp */,
				118FCBAABA162BA17933C789 /* main.cpp */,
				0D0DBCA25B57135A967CCD77 /* Marker.cpp */,
				1D6806C4D5B587960F0E561D /* MarkerDetector.cpp */,
				9B41B72871A3E274CA198423 /* PoseEstimation.cpp */,
			);
			name = Sources;
			sourceTree = "<Group>";
		};
/* End PBXGroup section */

/* Begin PBXNativeTarget section */
		1F52AB980477DA72076DE346 /* AugmentedReality */ = {
			isa = PBXNativeTarget;
			buildConfigurationList = 17B3380A4D6A7D415E7F2E1E /* Build configuration list for PBXNativeTarget "AugmentedReality" */;
			buildPhases = (
				D7BA7D76DAB5DD13389D6332 /* Qt Qmake */,
				A0A52A2ADF7A1E2A99738674 /* Qt Preprocessors */,
				C29B8785722055ED95EF7B57 /* Build Sources */,
				2A1043669E6E5A7426EA502A /* Frameworks & Libraries */,
				3787F99312C85FF0073FD7BA /* Bundle Resources */,
			);
			buildRules = (
			);
			dependencies = (
			);
			name = AugmentedReality;
			productName = AugmentedReality;
			productReference = E14384A71782DF310034FA54 /* AugmentedReality.app */;
			productType = "com.apple.product-type.application";
		};
/* End PBXNativeTarget section */

/* Begin PBXProject section */
		91B15E841AA80083484172DE /* Project object */ = {
			isa = PBXProject;
			buildConfigurationList = CC82A9286117DFED018F418F /* Build configuration list for PBXProject "AugmentedReality" */;
			compatibilityVersion = "Xcode 2.4";
			developmentRegion = English;
			hasScannedForEncodings = 1;
			knownRegions = (
				English,
				Japanese,
				French,
				German,
			);
			mainGroup = 05596AB53D8D521C69802C27 /* AugmentedReality */;
			productRefGroup = E14384A81782DF310034FA54 /* Products */;
			projectDirPath = "";
			projectRoot = "";
			targets = (
				1F52AB980477DA72076DE346 /* AugmentedReality */,
			);
		};
/* End PBXProject section */

/* Begin PBXResourcesBuildPhase section */
		3787F99312C85FF0073FD7BA /* Bundle Resources */ = {
			isa = PBXResourcesBuildPhase;
			buildActionMask = 2147483647;
			files = (
			);
			name = "Bundle Resources";
			runOnlyForDeploymentPostprocessing = 0;
		};
/* End PBXResourcesBuildPhase section */

/* Begin PBXShellScriptBuildPhase section */
		A0A52A2ADF7A1E2A99738674 /* Qt Preprocessors */ = {
			isa = PBXShellScriptBuildPhase;
			buildActionMask = 2147483647;
			files = (
			);
			name = "Qt Preprocessors";
			runOnlyForDeploymentPostprocessing = 0;
			shellPath = /bin/sh;
			shellScript = "make -C /Users/andreas/workspace_cpp/AugmentedReality -f 'AugmentedReality.xcodeproj/qt_preprocess.mak'";
		};
		D7BA7D76DAB5DD13389D6332 /* Qt Qmake */ = {
			isa = PBXShellScriptBuildPhase;
			buildActionMask = 2147483647;
			files = (
			);
			name = "Qt Qmake";
			runOnlyForDeploymentPostprocessing = 0;
			shellPath = /bin/sh;
			shellScript = "make -C /Users/andreas/workspace_cpp/AugmentedReality -f 'AugmentedReality.xcodeproj/qt_makeqmake.mak'";
		};
/* End PBXShellScriptBuildPhase section */

/* Begin PBXSourcesBuildPhase section */
		C29B8785722055ED95EF7B57 /* Build Sources */ = {
			isa = PBXSourcesBuildPhase;
			buildActionMask = 2147483647;
			files = (
				4A12348F65F424D4B950D47C /* ARExercise.cpp in Build Sources */,
				AD5D4EFC9C70C8D40A41D457 /* DetectionThread.cpp in Build Sources */,
				592B063E6753ECB0645DCBFC /* FretBoard.cpp in Build Sources */,
				214501FDAAA47BE4662FC5AD /* GuitarDetector.cpp in Build Sources */,
				2B093CA6F071B023A473CED0 /* main.cpp in Build Sources */,
				E6ED692E2DC644C1E479E7FB /* Marker.cpp in Build Sources */,
				0095323E15757588671D0303 /* MarkerDetector.cpp in Build Sources */,
				C01FAB79C75B036C6E1D2DC7 /* PoseEstimation.cpp in Build Sources */,
				E8211DD5679BA21EE6577E50 /* moc_ARExercise.cpp in Build Sources */,
			);
			name = "Build Sources";
			runOnlyForDeploymentPostprocessing = 0;
		};
/* End PBXSourcesBuildPhase section */

/* Begin XCBuildConfiguration section */
		4B72B24813252891014BCF61 /* Debug */ = {
			isa = XCBuildConfiguration;
			buildSettings = {
				ARCHS = x86_64;
				COPY_PHASE_STRIP = NO;
				FRAMEWORK_SEARCH_PATHS = (
					/Library/Frameworks,
					/Library/Frameworks,
				);
				GCC_GENERATE_DEBUGGING_SYMBOLS = YES;
				GCC_OPTIMIZATION_LEVEL = 0;
				GCC_VERSION = "";
				HEADER_SEARCH_PATHS = (
					/opt/local/include,
					/Library/Frameworks/QtCore.framework/Versions/4/Headers,
					/usr/include/QtCore,
					/Library/Frameworks/QtGui.framework/Versions/4/Headers,
					/usr/include/QtGui,
					/usr/include,
					.,
					.,
					.,
					/usr/local/include,
					/System/Library/Frameworks/CarbonCore.framework/Headers,
					"/usr/local/Qt4.8/mkspecs/macx-xcode",
				);
				INFOPLIST_FILE = Info.plist;
				LIBRARY_SEARCH_PATHS = (
					/opt/local/lib,
					/Library/Frameworks,
				);
				OTHER_CFLAGS = (
					"-pipe",
					"-g",
					"-Wall",
					"-W",
					"-DQT_GUI_LIB",
					"-DQT_CORE_LIB",
					"-DQT_SHARED",
				);
				OTHER_CPLUSPLUSFLAGS = (
					"-pipe",
					"-g",
					"-Wall",
					"-W",
					"-DQT_GUI_LIB",
					"-DQT_CORE_LIB",
					"-DQT_SHARED",
				);
				OTHER_LDFLAGS = (
					"-headerpad_max_install_names",
					"-L/Library/Frameworks",
					"-F/Library/Frameworks",
				);
				PRODUCT_NAME = AugmentedReality;
			};
			name = Debug;
		};
		8C7174830A1E4DCBA0332EC1 /* Release */ = {
			isa = XCBuildConfiguration;
			buildSettings = {
				COPY_PHASE_STRIP = YES;
				GCC_GENERATE_DEBUGGING_SYMBOLS = NO;
				LIBRARY_SEARCH_PATHS = (
					"$(inherited)",
					/opt/local/lib,
				);
				PRODUCT_NAME = AugmentedReality;
			};
			name = Release;
		};
		BEC09A62E69C3553534FF35E /* Debug */ = {
			isa = XCBuildConfiguration;
			buildSettings = {
				COPY_PHASE_STRIP = NO;
				GCC_GENERATE_DEBUGGING_SYMBOLS = YES;
				GCC_OPTIMIZATION_LEVEL = 0;
				LIBRARY_SEARCH_PATHS = (
					"$(inherited)",
					/opt/local/lib,
				);
				PRODUCT_NAME = AugmentedReality;
			};
			name = Debug;
		};
		D70590BEB531B51029F711BB /* Release */ = {
			isa = XCBuildConfiguration;
			buildSettings = {
				ARCHS = x86_64;
				COPY_PHASE_STRIP = YES;
				FRAMEWORK_SEARCH_PATHS = (
					/Library/Frameworks,
					/Library/Frameworks,
				);
				GCC_GENERATE_DEBUGGING_SYMBOLS = NO;
				HEADER_SEARCH_PATHS = (
					/opt/local/lib,
					/Library/Frameworks/QtCore.framework/Versions/4/Headers,
					/usr/include/QtCore,
					/Library/Frameworks/QtGui.framework/Versions/4/Headers,
					/usr/include/QtGui,
					/usr/include,
					.,
					.,
					.,
					/usr/local/include,
					/System/Library/Frameworks/CarbonCore.framework/Headers,
					"/usr/local/Qt4.8/mkspecs/macx-xcode",
				);
				INFOPLIST_FILE = Info.plist;
				LIBRARY_SEARCH_PATHS = /Library/Frameworks;
				OTHER_CFLAGS = (
					"-pipe",
					"-g",
					"-Wall",
					"-W",
					"-DQT_GUI_LIB",
					"-DQT_CORE_LIB",
					"-DQT_SHARED",
				);
				OTHER_CPLUSPLUSFLAGS = (
					"-pipe",
					"-g",
					"-Wall",
					"-W",
					"-DQT_GUI_LIB",
					"-DQT_CORE_LIB",
					"-DQT_SHARED",
				);
				OTHER_LDFLAGS = (
					"-headerpad_max_install_names",
					"-L/Library/Frameworks",
					"-F/Library/Frameworks",
				);
				PRODUCT_NAME = AugmentedReality;
			};
			name = Release;
		};
/* End XCBuildConfiguration section */

/* Begin XCConfigurationList section */
		17B3380A4D6A7D415E7F2E1E /* Build configuration list for PBXNativeTarget "AugmentedReality" */ = {
			isa = XCConfigurationList;
			buildConfigurations = (
				BEC09A62E69C3553534FF35E /* Debug */,
				8C7174830A1E4DCBA0332EC1 /* Release */,
			);
			defaultConfigurationIsVisible = 0;
			defaultConfigurationName = Release;
		};
		CC82A9286117DFED018F418F /* Build configuration list for PBXProject "AugmentedReality" */ = {
			isa = XCConfigurationList;
			buildConfigurations = (
				4B72B24813252891014BCF61 /* Debug */,
				D70590BEB531B51029F711BB /* Release */,
			);
			defaultConfigurationIsVisible = 0;
			defaultConfigurationName = Release;
		};
/* End XCConfigurationList section */
	};
	rootObject = 91B15E841AA80083484172DE /* Project object */;
}
